
Microsoft Visual Studio Solution File, Format Version 12.00
# Visual Studio 15
VisualStudioVersion = 15.0.28307.852
MinimumVisualStudioVersion = 10.0.40219.1
Project("{FAE04EC0-301F-11D3-BF4B-00C04F79EFBC}") = "ArrayExcercise", "ArrayExcercise\ArrayExcercise.csproj", "{CBE3282A-7304-47FD-BB21-8B1C5998CF61}"
EndProject
Global
	GlobalSection(SolutionConfigurationPlatforms) = preSolution
		Debug|Any CPU = Debug|Any CPU
		Release|Any CPU = Release|Any CPU
	EndGlobalSection
	GlobalSection(ProjectConfigurationPlatforms) = postSolution
		{CBE3282A-7304-47FD-BB21-8B1C5998CF61}.Debug|Any CPU.ActiveCfg = Debug|Any CPU
		{CBE3282A-7304-47FD-BB21-8B1C5998CF61}.Debug|Any CPU.Build.0 = Debug|Any CPU
		{CBE3282A-7304-47FD-BB21-8B1C5998CF61}.Release|Any CPU.ActiveCfg = Release|Any CPU
		{CBE3282A-7304-47FD-BB21-8B1C5998CF61}.Release|Any CPU.Build.0 = Release|Any CPU
	EndGlobalSection
	GlobalSection(SolutionProperties) = preSolution
		HideSolutionNode = FALSE
	EndGlobalSection
	GlobalSection(ExtensibilityGlobals) = postSolution
		SolutionGuid = {DF79C5BB-7480-4B9C-B466-2FA177B082E3}
	EndGlobalSection
EndGlobal
